
Microsoft Visual Studio Solution File, Format Version 12.00
# Visual Studio 2017
Project("{FAE04EC0-301F-11D3-BF4B-00C04F79EFBC}") = "BillboardVR.Plugins", "BillboardVR.Plugins.csproj", "{DD15A085-7608-FE9F-4FB4-EEB319B76720}"
EndProject
Project("{FAE04EC0-301F-11D3-BF4B-00C04F79EFBC}") = "BillboardVR", "BillboardVR.csproj", "{30C3FA0A-7EA5-9E60-F35E-1206A477EC77}"
EndProject
Project("{FAE04EC0-301F-11D3-BF4B-00C04F79EFBC}") = "BillboardVR.Editor.Plugins", "BillboardVR.Editor.Plugins.csproj", "{C299E8EC-55B6-671B-41F2-90B6E250E0DF}"
EndProject
Project("{FAE04EC0-301F-11D3-BF4B-00C04F79EFBC}") = "BillboardVR.Editor", "BillboardVR.Editor.csproj", "{46F9816B-E809-E969-5A66-7DFD7286D9B7}"
EndProject
Global
	GlobalSection(SolutionConfigurationPlatforms) = preSolution
		Debug|Any CPU = Debug|Any CPU
		Release|Any CPU = Release|Any CPU
	EndGlobalSection
	GlobalSection(ProjectConfigurationPlatforms) = postSolution
		{DD15A085-7608-FE9F-4FB4-EEB319B76720}.Debug|Any CPU.ActiveCfg = Debug|Any CPU
		{DD15A085-7608-FE9F-4FB4-EEB319B76720}.Debug|Any CPU.Build.0 = Debug|Any CPU
		{DD15A085-7608-FE9F-4FB4-EEB319B76720}.Release|Any CPU.ActiveCfg = Release|Any CPU
		{DD15A085-7608-FE9F-4FB4-EEB319B76720}.Release|Any CPU.Build.0 = Release|Any CPU
		{30C3FA0A-7EA5-9E60-F35E-1206A477EC77}.Debug|Any CPU.ActiveCfg = Debug|Any CPU
		{30C3FA0A-7EA5-9E60-F35E-1206A477EC77}.Debug|Any CPU.Build.0 = Debug|Any CPU
		{30C3FA0A-7EA5-9E60-F35E-1206A477EC77}.Release|Any CPU.ActiveCfg = Release|Any CPU
		{30C3FA0A-7EA5-9E60-F35E-1206A477EC77}.Release|Any CPU.Build.0 = Release|Any CPU
		{C299E8EC-55B6-671B-41F2-90B6E250E0DF}.Debug|Any CPU.ActiveCfg = Debug|Any CPU
		{C299E8EC-55B6-671B-41F2-90B6E250E0DF}.Debug|Any CPU.Build.0 = Debug|Any CPU
		{C299E8EC-55B6-671B-41F2-90B6E250E0DF}.Release|Any CPU.ActiveCfg = Release|Any CPU
		{C299E8EC-55B6-671B-41F2-90B6E250E0DF}.Release|Any CPU.Build.0 = Release|Any CPU
		{46F9816B-E809-E969-5A66-7DFD7286D9B7}.Debug|Any CPU.ActiveCfg = Debug|Any CPU
		{46F9816B-E809-E969-5A66-7DFD7286D9B7}.Debug|Any CPU.Build.0 = Debug|Any CPU
		{46F9816B-E809-E969-5A66-7DFD7286D9B7}.Release|Any CPU.ActiveCfg = Release|Any CPU
		{46F9816B-E809-E969-5A66-7DFD7286D9B7}.Release|Any CPU.Build.0 = Release|Any CPU
	EndGlobalSection
	GlobalSection(SolutionProperties) = preSolution
		HideSolutionNode = FALSE
	EndGlobalSection
EndGlobal
